
Microsoft Visual Studio Solution File, Format Version 12.00
# Visual Studio Version 16
VisualStudioVersion = 16.0.29728.190
MinimumVisualStudioVersion = 10.0.40219.1
Project("{888888A0-9F3D-457C-B088-3A5042F75D52}") = "LearningDjango", "LearningDjango\LearningDjango.pyproj", "{B85422C7-62A9-4B4D-BBDE-CD073E7EDA33}"
EndProject
Global
	GlobalSection(SolutionConfigurationPlatforms) = preSolution
		Debug|Any CPU = Debug|Any CPU
		Release|Any CPU = Release|Any CPU
	EndGlobalSection
	GlobalSection(ProjectConfigurationPlatforms) = postSolution
		{B85422C7-62A9-4B4D-BBDE-CD073E7EDA33}.Debug|Any CPU.ActiveCfg = Debug|Any CPU
		{B85422C7-62A9-4B4D-BBDE-CD073E7EDA33}.Debug|Any CPU.Build.0 = Debug|Any CPU
		{B85422C7-62A9-4B4D-BBDE-CD073E7EDA33}.Release|Any CPU.ActiveCfg = Release|Any CPU
		{B85422C7-62A9-4B4D-BBDE-CD073E7EDA33}.Release|Any CPU.Build.0 = Release|Any CPU
	EndGlobalSection
	GlobalSection(SolutionProperties) = preSolution
		HideSolutionNode = FALSE
	EndGlobalSection
	GlobalSection(ExtensibilityGlobals) = postSolution
		SolutionGuid = {3F73CE1D-1CE9-495C-BD3B-F88B508D6757}
	EndGlobalSection
EndGlobal
